
Microsoft Visual Studio Solution File, Format Version 9.00
# Visual Studio 2005
Project("{8BC9CEB8-8B4A-11D0-8D11-00A0C91BC942}") = "adt", "adt.vcproj", "{D6B8227D-6B4B-4A0B-B602-A4AE6FF41DB8}"
EndProject
Project("{8BC9CEB8-8B4A-11D0-8D11-00A0C91BC942}") = "ADLib", "ADLib.vcproj", "{3AEE9D03-0F2B-4D4E-B408-EFDCD77C673C}"
EndProject
Project("{8BC9CEB8-8B4A-11D0-8D11-00A0C91BC942}") = "ADLibTest", "ADLibTest.vcproj", "{80634C7F-031A-44CE-A49C-5033D0A6380C}"
	ProjectSection(ProjectDependencies) = postProject
		{589502D6-B212-4A31-AAC2-B6DE52F19F6F} = {589502D6-B212-4A31-AAC2-B6DE52F19F6F}
		{3AEE9D03-0F2B-4D4E-B408-EFDCD77C673C} = {3AEE9D03-0F2B-4D4E-B408-EFDCD77C673C}
	EndProjectSection
EndProject
Project("{8BC9CEB8-8B4A-11D0-8D11-00A0C91BC942}") = "fdlibm-5.2", "fdlibm-5.2.vcproj", "{15701429-0572-43BA-93A1-0A42983CB016}"
EndProject
Project("{8BC9CEB8-8B4A-11D0-8D11-00A0C91BC942}") = "ADLibErr", "ADLibErr.vcproj", "{589502D6-B212-4A31-AAC2-B6DE52F19F6F}"
EndProject
Project("{8BC9CEB8-8B4A-11D0-8D11-00A0C91BC942}") = "Rosenbrock", "..\sample\Rosenbrock\Rosenbrock.vcproj", "{7D852F24-1682-437A-8EDE-CC57FC189DB6}"
	ProjectSection(ProjectDependencies) = postProject
		{3AEE9D03-0F2B-4D4E-B408-EFDCD77C673C} = {3AEE9D03-0F2B-4D4E-B408-EFDCD77C673C}
		{8C8DA27E-5B09-4680-B5A0-577F7CF425C1} = {8C8DA27E-5B09-4680-B5A0-577F7CF425C1}
		{15701429-0572-43BA-93A1-0A42983CB016} = {15701429-0572-43BA-93A1-0A42983CB016}
		{D6B8227D-6B4B-4A0B-B602-A4AE6FF41DB8} = {D6B8227D-6B4B-4A0B-B602-A4AE6FF41DB8}
	EndProjectSection
EndProject
Project("{8BC9CEB8-8B4A-11D0-8D11-00A0C91BC942}") = "ADLibR", "ADLibR.vcproj", "{8C8DA27E-5B09-4680-B5A0-577F7CF425C1}"
EndProject
Project("{8BC9CEB8-8B4A-11D0-8D11-00A0C91BC942}") = "ArrayTest", "..\sample\ArrayTest\ArrayTest.vcproj", "{52F09BB2-E8C1-4CA8-A558-76F30E313CB1}"
	ProjectSection(ProjectDependencies) = postProject
		{3AEE9D03-0F2B-4D4E-B408-EFDCD77C673C} = {3AEE9D03-0F2B-4D4E-B408-EFDCD77C673C}
		{15701429-0572-43BA-93A1-0A42983CB016} = {15701429-0572-43BA-93A1-0A42983CB016}
		{8C8DA27E-5B09-4680-B5A0-577F7CF425C1} = {8C8DA27E-5B09-4680-B5A0-577F7CF425C1}
		{589502D6-B212-4A31-AAC2-B6DE52F19F6F} = {589502D6-B212-4A31-AAC2-B6DE52F19F6F}
	EndProjectSection
EndProject
Global
	GlobalSection(SolutionConfigurationPlatforms) = preSolution
		Debug|Win32 = Debug|Win32
		Release|Win32 = Release|Win32
	EndGlobalSection
	GlobalSection(ProjectConfigurationPlatforms) = postSolution
		{D6B8227D-6B4B-4A0B-B602-A4AE6FF41DB8}.Debug|Win32.ActiveCfg = Debug|Win32
		{D6B8227D-6B4B-4A0B-B602-A4AE6FF41DB8}.Debug|Win32.Build.0 = Debug|Win32
		{D6B8227D-6B4B-4A0B-B602-A4AE6FF41DB8}.Release|Win32.ActiveCfg = Release|Win32
		{D6B8227D-6B4B-4A0B-B602-A4AE6FF41DB8}.Release|Win32.Build.0 = Release|Win32
		{3AEE9D03-0F2B-4D4E-B408-EFDCD77C673C}.Debug|Win32.ActiveCfg = Debug|Win32
		{3AEE9D03-0F2B-4D4E-B408-EFDCD77C673C}.Debug|Win32.Build.0 = Debug|Win32
		{3AEE9D03-0F2B-4D4E-B408-EFDCD77C673C}.Release|Win32.ActiveCfg = Release|Win32
		{3AEE9D03-0F2B-4D4E-B408-EFDCD77C673C}.Release|Win32.Build.0 = Release|Win32
		{80634C7F-031A-44CE-A49C-5033D0A6380C}.Debug|Win32.ActiveCfg = Debug|Win32
		{80634C7F-031A-44CE-A49C-5033D0A6380C}.Debug|Win32.Build.0 = Debug|Win32
		{80634C7F-031A-44CE-A49C-5033D0A6380C}.Release|Win32.ActiveCfg = Release|Win32
		{80634C7F-031A-44CE-A49C-5033D0A6380C}.Release|Win32.Build.0 = Release|Win32
		{15701429-0572-43BA-93A1-0A42983CB016}.Debug|Win32.ActiveCfg = Debug|Win32
		{15701429-0572-43BA-93A1-0A42983CB016}.Debug|Win32.Build.0 = Debug|Win32
		{15701429-0572-43BA-93A1-0A42983CB016}.Release|Win32.ActiveCfg = Release|Win32
		{15701429-0572-43BA-93A1-0A42983CB016}.Release|Win32.Build.0 = Release|Win32
		{589502D6-B212-4A31-AAC2-B6DE52F19F6F}.Debug|Win32.ActiveCfg = Debug|Win32
		{589502D6-B212-4A31-AAC2-B6DE52F19F6F}.Debug|Win32.Build.0 = Debug|Win32
		{589502D6-B212-4A31-AAC2-B6DE52F19F6F}.Release|Win32.ActiveCfg = Release|Win32
		{589502D6-B212-4A31-AAC2-B6DE52F19F6F}.Release|Win32.Build.0 = Release|Win32
		{7D852F24-1682-437A-8EDE-CC57FC189DB6}.Debug|Win32.ActiveCfg = Debug|Win32
		{7D852F24-1682-437A-8EDE-CC57FC189DB6}.Debug|Win32.Build.0 = Debug|Win32
		{7D852F24-1682-437A-8EDE-CC57FC189DB6}.Release|Win32.ActiveCfg = Release|Win32
		{7D852F24-1682-437A-8EDE-CC57FC189DB6}.Release|Win32.Build.0 = Release|Win32
		{8C8DA27E-5B09-4680-B5A0-577F7CF425C1}.Debug|Win32.ActiveCfg = Debug|Win32
		{8C8DA27E-5B09-4680-B5A0-577F7CF425C1}.Debug|Win32.Build.0 = Debug|Win32
		{8C8DA27E-5B09-4680-B5A0-577F7CF425C1}.Release|Win32.ActiveCfg = Release|Win32
		{8C8DA27E-5B09-4680-B5A0-577F7CF425C1}.Release|Win32.Build.0 = Release|Win32
		{52F09BB2-E8C1-4CA8-A558-76F30E313CB1}.Debug|Win32.ActiveCfg = Debug|Win32
		{52F09BB2-E8C1-4CA8-A558-76F30E313CB1}.Debug|Win32.Build.0 = Debug|Win32
		{52F09BB2-E8C1-4CA8-A558-76F30E313CB1}.Release|Win32.ActiveCfg = Release|Win32
		{52F09BB2-E8C1-4CA8-A558-76F30E313CB1}.Release|Win32.Build.0 = Release|Win32
	EndGlobalSection
	GlobalSection(SolutionProperties) = preSolution
		HideSolutionNode = FALSE
	EndGlobalSection
EndGlobal
