Microsoft Visual Studio Solution File, Format Version 12.00
# Visual Studio Version 16
VisualStudioVersion = 16.0.30517.126
MinimumVisualStudioVersion = 10.0.40219.1
Project("{8BC9CEB8-8B4A-11D0-8D11-00A0C91BC942}") = "adt", "adt.vcxproj", "{D6B8227D-6B4B-4A0B-B602-A4AE6FF41DB8}"
EndProject
Project("{8BC9CEB8-8B4A-11D0-8D11-00A0C91BC942}") = "ADLib", "ADLib.vcxproj", "{3AEE9D03-0F2B-4D4E-B408-EFDCD77C673C}"
EndProject
Project("{8BC9CEB8-8B4A-11D0-8D11-00A0C91BC942}") = "ADLibTest", "ADLibTest.vcxproj", "{80634C7F-031A-44CE-A49C-5033D0A6380C}"
	ProjectSection(ProjectDependencies) = postProject
		{8C8DA27E-5B09-4680-B5A0-577F7CF425C1} = {8C8DA27E-5B09-4680-B5A0-577F7CF425C1}
	EndProjectSection
EndProject
Project("{8BC9CEB8-8B4A-11D0-8D11-00A0C91BC942}") = "ADLibErr", "ADLibErr.vcxproj", "{589502D6-B212-4A31-AAC2-B6DE52F19F6F}"
EndProject
Project("{8BC9CEB8-8B4A-11D0-8D11-00A0C91BC942}") = "Rosenbrock", "..\sample\Rosenbrock\Rosenbrock.vcxproj", "{7D852F24-1682-437A-8EDE-CC57FC189DB6}"
EndProject
Project("{8BC9CEB8-8B4A-11D0-8D11-00A0C91BC942}") = "ADLibR", "ADLibR.vcxproj", "{8C8DA27E-5B09-4680-B5A0-577F7CF425C1}"
EndProject
Project("{8BC9CEB8-8B4A-11D0-8D11-00A0C91BC942}") = "ArrayTest", "..\sample\ArrayTest\ArrayTest.vcxproj", "{52F09BB2-E8C1-4CA8-A558-76F30E313CB1}"
	ProjectSection(ProjectDependencies) = postProject
		{D6B8227D-6B4B-4A0B-B602-A4AE6FF41DB8} = {D6B8227D-6B4B-4A0B-B602-A4AE6FF41DB8}
	EndProjectSection
EndProject
Project("{8BC9CEB8-8B4A-11D0-8D11-00A0C91BC942}") = "Mseom", "..\sample\Mseom\Mseom.vcxproj", "{D7D44894-6FBA-4750-A7E3-F27A521C74A3}"
EndProject
Project("{8BC9CEB8-8B4A-11D0-8D11-00A0C91BC942}") = "fdlibm-5.2", "fdlibm-5.2.vcxproj", "{15701429-0572-43BA-93A1-0A42983CB016}"
EndProject
Project("{8BC9CEB8-8B4A-11D0-8D11-00A0C91BC942}") = "REDev", "..\sample\REDev\REDev.vcxproj", "{7D852F24-1682-437A-8EDE-CC57FC189DB7}"
EndProject
Global
	GlobalSection(SolutionConfigurationPlatforms) = preSolution
		Debug|Win32 = Debug|Win32
		Debug|x64 = Debug|x64
		Release|Win32 = Release|Win32
		Release|x64 = Release|x64
	EndGlobalSection
	GlobalSection(ProjectConfigurationPlatforms) = postSolution
		{D6B8227D-6B4B-4A0B-B602-A4AE6FF41DB8}.Debug|Win32.ActiveCfg = Debug|Win32
		{D6B8227D-6B4B-4A0B-B602-A4AE6FF41DB8}.Debug|Win32.Build.0 = Debug|Win32
		{D6B8227D-6B4B-4A0B-B602-A4AE6FF41DB8}.Debug|x64.ActiveCfg = Debug|x64
		{D6B8227D-6B4B-4A0B-B602-A4AE6FF41DB8}.Debug|x64.Build.0 = Debug|x64
		{D6B8227D-6B4B-4A0B-B602-A4AE6FF41DB8}.Release|Win32.ActiveCfg = Release|Win32
		{D6B8227D-6B4B-4A0B-B602-A4AE6FF41DB8}.Release|Win32.Build.0 = Release|Win32
		{D6B8227D-6B4B-4A0B-B602-A4AE6FF41DB8}.Release|x64.ActiveCfg = Release|x64
		{D6B8227D-6B4B-4A0B-B602-A4AE6FF41DB8}.Release|x64.Build.0 = Release|x64
		{3AEE9D03-0F2B-4D4E-B408-EFDCD77C673C}.Debug|Win32.ActiveCfg = Debug|Win32
		{3AEE9D03-0F2B-4D4E-B408-EFDCD77C673C}.Debug|Win32.Build.0 = Debug|Win32
		{3AEE9D03-0F2B-4D4E-B408-EFDCD77C673C}.Debug|x64.ActiveCfg = Debug|x64
		{3AEE9D03-0F2B-4D4E-B408-EFDCD77C673C}.Debug|x64.Build.0 = Debug|x64
		{3AEE9D03-0F2B-4D4E-B408-EFDCD77C673C}.Release|Win32.ActiveCfg = Release|Win32
		{3AEE9D03-0F2B-4D4E-B408-EFDCD77C673C}.Release|Win32.Build.0 = Release|Win32
		{3AEE9D03-0F2B-4D4E-B408-EFDCD77C673C}.Release|x64.ActiveCfg = Release|x64
		{3AEE9D03-0F2B-4D4E-B408-EFDCD77C673C}.Release|x64.Build.0 = Release|x64
		{80634C7F-031A-44CE-A49C-5033D0A6380C}.Debug|Win32.ActiveCfg = Debug|Win32
		{80634C7F-031A-44CE-A49C-5033D0A6380C}.Debug|Win32.Build.0 = Debug|Win32
		{80634C7F-031A-44CE-A49C-5033D0A6380C}.Debug|x64.ActiveCfg = Debug|x64
		{80634C7F-031A-44CE-A49C-5033D0A6380C}.Debug|x64.Build.0 = Debug|x64
		{80634C7F-031A-44CE-A49C-5033D0A6380C}.Release|Win32.ActiveCfg = Release|Win32
		{80634C7F-031A-44CE-A49C-5033D0A6380C}.Release|Win32.Build.0 = Release|Win32
		{80634C7F-031A-44CE-A49C-5033D0A6380C}.Release|x64.ActiveCfg = Release|x64
		{80634C7F-031A-44CE-A49C-5033D0A6380C}.Release|x64.Build.0 = Release|x64
		{589502D6-B212-4A31-AAC2-B6DE52F19F6F}.Debug|Win32.ActiveCfg = Debug|Win32
		{589502D6-B212-4A31-AAC2-B6DE52F19F6F}.Debug|Win32.Build.0 = Debug|Win32
		{589502D6-B212-4A31-AAC2-B6DE52F19F6F}.Debug|x64.ActiveCfg = Debug|x64
		{589502D6-B212-4A31-AAC2-B6DE52F19F6F}.Debug|x64.Build.0 = Debug|x64
		{589502D6-B212-4A31-AAC2-B6DE52F19F6F}.Release|Win32.ActiveCfg = Release|Win32
		{589502D6-B212-4A31-AAC2-B6DE52F19F6F}.Release|Win32.Build.0 = Release|Win32
		{589502D6-B212-4A31-AAC2-B6DE52F19F6F}.Release|x64.ActiveCfg = Release|x64
		{589502D6-B212-4A31-AAC2-B6DE52F19F6F}.Release|x64.Build.0 = Release|x64
		{7D852F24-1682-437A-8EDE-CC57FC189DB6}.Debug|Win32.ActiveCfg = Debug|Win32
		{7D852F24-1682-437A-8EDE-CC57FC189DB6}.Debug|Win32.Build.0 = Debug|Win32
		{7D852F24-1682-437A-8EDE-CC57FC189DB6}.Debug|x64.ActiveCfg = Debug|x64
		{7D852F24-1682-437A-8EDE-CC57FC189DB6}.Debug|x64.Build.0 = Debug|x64
		{7D852F24-1682-437A-8EDE-CC57FC189DB6}.Release|Win32.ActiveCfg = Release|Win32
		{7D852F24-1682-437A-8EDE-CC57FC189DB6}.Release|Win32.Build.0 = Release|Win32
		{7D852F24-1682-437A-8EDE-CC57FC189DB6}.Release|x64.ActiveCfg = Release|x64
		{7D852F24-1682-437A-8EDE-CC57FC189DB6}.Release|x64.Build.0 = Release|x64
		{8C8DA27E-5B09-4680-B5A0-577F7CF425C1}.Debug|Win32.ActiveCfg = Debug|Win32
		{8C8DA27E-5B09-4680-B5A0-577F7CF425C1}.Debug|Win32.Build.0 = Debug|Win32
		{8C8DA27E-5B09-4680-B5A0-577F7CF425C1}.Debug|x64.ActiveCfg = Debug|x64
		{8C8DA27E-5B09-4680-B5A0-577F7CF425C1}.Debug|x64.Build.0 = Debug|x64
		{8C8DA27E-5B09-4680-B5A0-577F7CF425C1}.Release|Win32.ActiveCfg = Release|Win32
		{8C8DA27E-5B09-4680-B5A0-577F7CF425C1}.Release|Win32.Build.0 = Release|Win32
		{8C8DA27E-5B09-4680-B5A0-577F7CF425C1}.Release|x64.ActiveCfg = Release|x64
		{8C8DA27E-5B09-4680-B5A0-577F7CF425C1}.Release|x64.Build.0 = Release|x64
		{52F09BB2-E8C1-4CA8-A558-76F30E313CB1}.Debug|Win32.ActiveCfg = Debug|Win32
		{52F09BB2-E8C1-4CA8-A558-76F30E313CB1}.Debug|Win32.Build.0 = Debug|Win32
		{52F09BB2-E8C1-4CA8-A558-76F30E313CB1}.Debug|x64.ActiveCfg = Debug|x64
		{52F09BB2-E8C1-4CA8-A558-76F30E313CB1}.Debug|x64.Build.0 = Debug|x64
		{52F09BB2-E8C1-4CA8-A558-76F30E313CB1}.Release|Win32.ActiveCfg = Release|Win32
		{52F09BB2-E8C1-4CA8-A558-76F30E313CB1}.Release|Win32.Build.0 = Release|Win32
		{52F09BB2-E8C1-4CA8-A558-76F30E313CB1}.Release|x64.ActiveCfg = Release|x64
		{52F09BB2-E8C1-4CA8-A558-76F30E313CB1}.Release|x64.Build.0 = Release|x64
		{D7D44894-6FBA-4750-A7E3-F27A521C74A3}.Debug|Win32.ActiveCfg = Debug|Win32
		{D7D44894-6FBA-4750-A7E3-F27A521C74A3}.Debug|Win32.Build.0 = Debug|Win32
		{D7D44894-6FBA-4750-A7E3-F27A521C74A3}.Debug|x64.ActiveCfg = Debug|x64
		{D7D44894-6FBA-4750-A7E3-F27A521C74A3}.Debug|x64.Build.0 = Debug|x64
		{D7D44894-6FBA-4750-A7E3-F27A521C74A3}.Release|Win32.ActiveCfg = Release|Win32
		{D7D44894-6FBA-4750-A7E3-F27A521C74A3}.Release|Win32.Build.0 = Release|Win32
		{D7D44894-6FBA-4750-A7E3-F27A521C74A3}.Release|x64.ActiveCfg = Release|x64
		{D7D44894-6FBA-4750-A7E3-F27A521C74A3}.Release|x64.Build.0 = Release|x64
		{15701429-0572-43BA-93A1-0A42983CB016}.Debug|Win32.ActiveCfg = Debug|Win32
		{15701429-0572-43BA-93A1-0A42983CB016}.Debug|Win32.Build.0 = Debug|Win32
		{15701429-0572-43BA-93A1-0A42983CB016}.Debug|x64.ActiveCfg = Debug|x64
		{15701429-0572-43BA-93A1-0A42983CB016}.Debug|x64.Build.0 = Debug|x64
		{15701429-0572-43BA-93A1-0A42983CB016}.Release|Win32.ActiveCfg = Release|Win32
		{15701429-0572-43BA-93A1-0A42983CB016}.Release|Win32.Build.0 = Release|Win32
		{15701429-0572-43BA-93A1-0A42983CB016}.Release|x64.ActiveCfg = Release|x64
		{15701429-0572-43BA-93A1-0A42983CB016}.Release|x64.Build.0 = Release|x64
		{7D852F24-1682-437A-8EDE-CC57FC189DB7}.Debug|Win32.ActiveCfg = Debug|Win32
		{7D852F24-1682-437A-8EDE-CC57FC189DB7}.Debug|Win32.Build.0 = Debug|Win32
		{7D852F24-1682-437A-8EDE-CC57FC189DB7}.Debug|x64.ActiveCfg = Debug|x64
		{7D852F24-1682-437A-8EDE-CC57FC189DB7}.Debug|x64.Build.0 = Debug|x64
		{7D852F24-1682-437A-8EDE-CC57FC189DB7}.Release|Win32.ActiveCfg = Release|Win32
		{7D852F24-1682-437A-8EDE-CC57FC189DB7}.Release|Win32.Build.0 = Release|Win32
		{7D852F24-1682-437A-8EDE-CC57FC189DB7}.Release|x64.ActiveCfg = Release|x64
		{7D852F24-1682-437A-8EDE-CC57FC189DB7}.Release|x64.Build.0 = Release|x64
	EndGlobalSection
	GlobalSection(SolutionProperties) = preSolution
		HideSolutionNode = FALSE
	EndGlobalSection
	GlobalSection(ExtensibilityGlobals) = postSolution
		SolutionGuid = {314DBE3D-7425-444D-9544-A21F2E8DE967}
	EndGlobalSection
EndGlobal
