<?xml version="1.0" encoding="UTF-8"?>
<CONFIG>
  <ProjectOptions>
    <Version Value="9"/>
    <PathDelim Value="\"/>
    <General>
      <Flags>
        <MainUnitHasCreateFormStatements Value="False"/>
        <MainUnitHasTitleStatement Value="False"/>
      </Flags>
      <MainUnit Value="0"/>
      <ResourceType Value="res"/>
      <UseXPManifest Value="True"/>
    </General>
    <i18n>
      <EnableI18N LFM="False"/>
    </i18n>
    <VersionInfo>
      <StringTable ProductVersion=""/>
    </VersionInfo>
    <BuildModes Count="1" Active="Default">
      <Item1 Name="Default" Default="True"/>
    </BuildModes>
    <PublishOptions>
      <Version Value="2"/>
      <IncludeFileFilter Value="*.(pas|pp|inc|lfm|lpr|lrs|lpi|lpk|sh|xml)"/>
      <ExcludeFileFilter Value="*.(bak|ppu|o|so);*~;backup"/>
    </PublishOptions>
    <RunParams>
      <local>
        <FormatVersion Value="1"/>
        <HostApplicationFilename Value="C:\Program Files\R\R-3.3.1\bin\i386\Rgui.exe"/>
        <WorkingDirectory Value="C:\cygwin\usr\src\adt\sample\ArrayTest"/>
      </local>
    </RunParams>
    <Units Count="25">
      <Unit0>
        <Filename Value="ArrayTestPas.lpr"/>
        <IsPartOfProject Value="True"/>
        <CursorPos X="5" Y="9"/>
        <UsageCount Value="266"/>
        <Loaded Value="True"/>
        <DefaultSyntaxHighlighter Value="Delphi"/>
      </Unit0>
      <Unit1>
        <Filename Value="ArrayTest_Unit.pas"/>
        <IsPartOfProject Value="True"/>
        <EditorIndex Value="2"/>
        <TopLine Value="50"/>
        <CursorPos Y="65"/>
        <UsageCount Value="265"/>
        <Loaded Value="True"/>
        <DefaultSyntaxHighlighter Value="Delphi"/>
      </Unit1>
      <Unit2>
        <Filename Value="R_ArrayTest_Unit.pas"/>
        <IsPartOfProject Value="True"/>
        <EditorIndex Value="5"/>
        <TopLine Value="15"/>
        <CursorPos Y="31"/>
        <UsageCount Value="265"/>
        <Loaded Value="True"/>
        <DefaultSyntaxHighlighter Value="Delphi"/>
      </Unit2>
      <Unit3>
        <Filename Value="..\..\src\ADLibPascal\adtalias.pas"/>
        <IsPartOfProject Value="True"/>
        <EditorIndex Value="6"/>
        <UsageCount Value="121"/>
        <Loaded Value="True"/>
        <DefaultSyntaxHighlighter Value="Delphi"/>
      </Unit3>
      <Unit4>
        <Filename Value="..\..\src\ADLibPascal\adtalloc.pas"/>
        <IsPartOfProject Value="True"/>
        <EditorIndex Value="7"/>
        <TopLine Value="229"/>
        <CursorPos Y="249"/>
        <UsageCount Value="121"/>
        <Loaded Value="True"/>
        <DefaultSyntaxHighlighter Value="Delphi"/>
      </Unit4>
      <Unit5>
        <Filename Value="..\..\src\ADLibPascal\adtarray.pas"/>
        <IsPartOfProject Value="True"/>
        <EditorIndex Value="8"/>
        <TopLine Value="3290"/>
        <CursorPos Y="3304"/>
        <UsageCount Value="121"/>
        <Loaded Value="True"/>
        <DefaultSyntaxHighlighter Value="Delphi"/>
      </Unit5>
      <Unit6>
        <Filename Value="..\..\src\ADLibPascal\adtcommon.pas"/>
        <IsPartOfProject Value="True"/>
        <EditorIndex Value="14"/>
        <TopLine Value="573"/>
        <CursorPos Y="590"/>
        <UsageCount Value="121"/>
        <Loaded Value="True"/>
        <DefaultSyntaxHighlighter Value="Delphi"/>
      </Unit6>
      <Unit7>
        <Filename Value="..\..\src\ADLibPascal\adtR.pas"/>
        <IsPartOfProject Value="True"/>
        <EditorIndex Value="15"/>
        <TopLine Value="1066"/>
        <CursorPos Y="1077"/>
        <UsageCount Value="121"/>
        <Loaded Value="True"/>
        <DefaultSyntaxHighlighter Value="Delphi"/>
      </Unit7>
      <Unit8>
        <Filename Value="..\..\src\ADLibPascal\Raccess.pas"/>
        <IsPartOfProject Value="True"/>
        <EditorIndex Value="16"/>
        <TopLine Value="203"/>
        <CursorPos Y="231"/>
        <UsageCount Value="121"/>
        <Loaded Value="True"/>
        <DefaultSyntaxHighlighter Value="Delphi"/>
      </Unit8>
      <Unit9>
        <Filename Value="..\..\src\ADLibPascal\fcl-stl\garrayutils.pp"/>
        <IsPartOfProject Value="True"/>
        <UsageCount Value="121"/>
        <DefaultSyntaxHighlighter Value="Delphi"/>
      </Unit9>
      <Unit10>
        <Filename Value="..\..\src\ADLibPascal\fcl-stl\gdeque.pp"/>
        <IsPartOfProject Value="True"/>
        <UsageCount Value="121"/>
        <DefaultSyntaxHighlighter Value="Delphi"/>
      </Unit10>
      <Unit11>
        <Filename Value="..\..\src\ADLibPascal\fcl-stl\ghashmap.pp"/>
        <IsPartOfProject Value="True"/>
        <UsageCount Value="121"/>
        <DefaultSyntaxHighlighter Value="Delphi"/>
      </Unit11>
      <Unit12>
        <Filename Value="..\..\src\ADLibPascal\fcl-stl\ghashset.pp"/>
        <IsPartOfProject Value="True"/>
        <UsageCount Value="121"/>
        <DefaultSyntaxHighlighter Value="Delphi"/>
      </Unit12>
      <Unit13>
        <Filename Value="..\..\src\ADLibPascal\fcl-stl\gmap.pp"/>
        <IsPartOfProject Value="True"/>
        <EditorIndex Value="4"/>
        <TopLine Value="93"/>
        <CursorPos Y="107"/>
        <UsageCount Value="121"/>
        <Loaded Value="True"/>
        <DefaultSyntaxHighlighter Value="Delphi"/>
      </Unit13>
      <Unit14>
        <Filename Value="..\..\src\ADLibPascal\fcl-stl\gpriorityqueue.pp"/>
        <IsPartOfProject Value="True"/>
        <EditorIndex Value="1"/>
        <TopLine Value="27"/>
        <CursorPos X="41" Y="47"/>
        <UsageCount Value="121"/>
        <Loaded Value="True"/>
        <DefaultSyntaxHighlighter Value="Delphi"/>
      </Unit14>
      <Unit15>
        <Filename Value="..\..\src\ADLibPascal\fcl-stl\gqueue.pp"/>
        <IsPartOfProject Value="True"/>
        <UsageCount Value="121"/>
        <DefaultSyntaxHighlighter Value="Delphi"/>
      </Unit15>
      <Unit16>
        <Filename Value="..\..\src\ADLibPascal\fcl-stl\gset.pp"/>
        <IsPartOfProject Value="True"/>
        <UsageCount Value="121"/>
        <DefaultSyntaxHighlighter Value="Delphi"/>
      </Unit16>
      <Unit17>
        <Filename Value="..\..\src\ADLibPascal\fcl-stl\gstack.pp"/>
        <IsPartOfProject Value="True"/>
        <UsageCount Value="121"/>
        <DefaultSyntaxHighlighter Value="Delphi"/>
      </Unit17>
      <Unit18>
        <Filename Value="..\..\src\ADLibPascal\fcl-stl\gutil.pp"/>
        <IsPartOfProject Value="True"/>
        <UsageCount Value="121"/>
        <DefaultSyntaxHighlighter Value="Delphi"/>
      </Unit18>
      <Unit19>
        <Filename Value="AT_impl_lib_interface_constructor.pas"/>
        <EditorIndex Value="3"/>
        <TopLine Value="43"/>
        <CursorPos Y="62"/>
        <UsageCount Value="12"/>
        <Loaded Value="True"/>
        <DefaultSyntaxHighlighter Value="Delphi"/>
      </Unit19>
      <Unit20>
        <Filename Value="AT_constructor_scalars_phase_1.pas"/>
        <EditorIndex Value="9"/>
        <CursorPos Y="2"/>
        <UsageCount Value="12"/>
        <Loaded Value="True"/>
        <DefaultSyntaxHighlighter Value="Delphi"/>
      </Unit20>
      <Unit21>
        <Filename Value="AT_constructor_arrays_phase_1.pas"/>
        <EditorIndex Value="10"/>
        <TopLine Value="24"/>
        <CursorPos Y="51"/>
        <UsageCount Value="12"/>
        <Loaded Value="True"/>
        <DefaultSyntaxHighlighter Value="Delphi"/>
      </Unit21>
      <Unit22>
        <Filename Value="AT_constructor_arrays_phase_2.pas"/>
        <EditorIndex Value="11"/>
        <TopLine Value="96"/>
        <CursorPos X="97" Y="96"/>
        <UsageCount Value="12"/>
        <Loaded Value="True"/>
        <DefaultSyntaxHighlighter Value="Delphi"/>
      </Unit22>
      <Unit23>
        <Filename Value="AT_impl_lib_interface_globals.pas"/>
        <EditorIndex Value="12"/>
        <TopLine Value="89"/>
        <CursorPos Y="104"/>
        <UsageCount Value="11"/>
        <Loaded Value="True"/>
        <DefaultSyntaxHighlighter Value="Delphi"/>
      </Unit23>
      <Unit24>
        <Filename Value="AT_impl_lib_interface_methods.pas"/>
        <IsVisibleTab Value="True"/>
        <EditorIndex Value="13"/>
        <TopLine Value="3"/>
        <CursorPos Y="17"/>
        <UsageCount Value="11"/>
        <Loaded Value="True"/>
        <DefaultSyntaxHighlighter Value="Delphi"/>
      </Unit24>
    </Units>
    <JumpHistory Count="30" HistoryIndex="29">
      <Position1>
        <Filename Value="..\..\src\ADLibPascal\adtR.pas"/>
        <Caret Line="1097" TopLine="1083"/>
      </Position1>
      <Position2>
        <Filename Value="..\..\src\ADLibPascal\adtR.pas"/>
        <Caret Line="1099" TopLine="1083"/>
      </Position2>
      <Position3>
        <Filename Value="..\..\src\ADLibPascal\adtR.pas"/>
        <Caret Line="1101" TopLine="1083"/>
      </Position3>
      <Position4>
        <Filename Value="..\..\src\ADLibPascal\adtR.pas"/>
        <Caret Line="1148" TopLine="1134"/>
      </Position4>
      <Position5>
        <Filename Value="..\..\src\ADLibPascal\adtR.pas"/>
        <Caret Line="1150" TopLine="1134"/>
      </Position5>
      <Position6>
        <Filename Value="..\..\src\ADLibPascal\adtR.pas"/>
        <Caret Line="1155" Column="72" TopLine="1134"/>
      </Position6>
      <Position7>
        <Filename Value="..\..\src\ADLibPascal\adtR.pas"/>
        <Caret Line="1156" Column="52" TopLine="1065"/>
      </Position7>
      <Position8>
        <Filename Value="AT_impl_lib_interface_globals.pas"/>
        <Caret Line="87" TopLine="73"/>
      </Position8>
      <Position9>
        <Filename Value="AT_impl_lib_interface_globals.pas"/>
        <Caret Line="103" TopLine="89"/>
      </Position9>
      <Position10>
        <Filename Value="AT_impl_lib_interface_globals.pas"/>
        <Caret Line="23" TopLine="9"/>
      </Position10>
      <Position11>
        <Filename Value="..\..\src\ADLibPascal\adtR.pas"/>
        <Caret Line="560" TopLine="546"/>
      </Position11>
      <Position12>
        <Filename Value="..\..\src\ADLibPascal\adtR.pas"/>
        <Caret Line="1077" TopLine="1062"/>
      </Position12>
      <Position13>
        <Filename Value="..\..\src\ADLibPascal\adtR.pas"/>
        <Caret Line="1078" TopLine="1062"/>
      </Position13>
      <Position14>
        <Filename Value="..\..\src\ADLibPascal\adtR.pas"/>
        <Caret Line="1079" TopLine="1062"/>
      </Position14>
      <Position15>
        <Filename Value="..\..\src\ADLibPascal\adtR.pas"/>
        <Caret Line="1081" TopLine="1062"/>
      </Position15>
      <Position16>
        <Filename Value="..\..\src\ADLibPascal\adtR.pas"/>
        <Caret Line="1083" TopLine="1062"/>
      </Position16>
      <Position17>
        <Filename Value="..\..\src\ADLibPascal\adtR.pas"/>
        <Caret Line="1084" TopLine="1062"/>
      </Position17>
      <Position18>
        <Filename Value="..\..\src\ADLibPascal\adtR.pas"/>
        <Caret Line="1085" TopLine="1062"/>
      </Position18>
      <Position19>
        <Filename Value="..\..\src\ADLibPascal\adtR.pas"/>
        <Caret Line="1087" TopLine="1064"/>
      </Position19>
      <Position20>
        <Filename Value="..\..\src\ADLibPascal\adtR.pas"/>
        <Caret Line="1089" TopLine="1066"/>
      </Position20>
      <Position21>
        <Filename Value="..\..\src\ADLibPascal\adtR.pas"/>
        <Caret Line="1097" TopLine="1083"/>
      </Position21>
      <Position22>
        <Filename Value="..\..\src\ADLibPascal\adtR.pas"/>
        <Caret Line="1099" TopLine="1083"/>
      </Position22>
      <Position23>
        <Filename Value="..\..\src\ADLibPascal\adtR.pas"/>
        <Caret Line="1101" TopLine="1083"/>
      </Position23>
      <Position24>
        <Filename Value="..\..\src\ADLibPascal\adtR.pas"/>
        <Caret Line="1148" TopLine="1134"/>
      </Position24>
      <Position25>
        <Filename Value="..\..\src\ADLibPascal\adtR.pas"/>
        <Caret Line="1150" TopLine="1134"/>
      </Position25>
      <Position26>
        <Filename Value="..\..\src\ADLibPascal\adtR.pas"/>
        <Caret Line="1146" Column="68" TopLine="1134"/>
      </Position26>
      <Position27>
        <Filename Value="..\..\src\ADLibPascal\adtR.pas"/>
        <Caret Line="1152" TopLine="1134"/>
      </Position27>
      <Position28>
        <Filename Value="AT_impl_lib_interface_methods.pas"/>
        <Caret Line="17" TopLine="3"/>
      </Position28>
      <Position29>
        <Filename Value="AT_impl_lib_interface_globals.pas"/>
        <Caret Line="103" TopLine="89"/>
      </Position29>
      <Position30>
        <Filename Value="AT_impl_lib_interface_globals.pas"/>
        <Caret Line="104" TopLine="89"/>
      </Position30>
    </JumpHistory>
  </ProjectOptions>
  <CompilerOptions>
    <Version Value="11"/>
    <PathDelim Value="\"/>
    <Target>
      <Filename Value="ArrayTestPas"/>
    </Target>
    <SearchPaths>
      <IncludeFiles Value="$(ProjOutDir);$(ProjOutDir)..\common"/>
      <OtherUnitFiles Value="$(ProjOutDir)..\common;$(ProjOutDir)..\..\src\ADLibPascal;$(ProjOutDir)..\..\src\ADLibPascal\fcl-stl;..\..\src\ADLibPascal;..\..\src\ADLibPascal\fcl-stl"/>
      <UnitOutputDirectory Value="lib\$(TargetCPU)-$(TargetOS)"/>
    </SearchPaths>
    <Parsing>
      <SyntaxOptions>
        <SyntaxMode Value="Delphi"/>
      </SyntaxOptions>
    </Parsing>
    <CodeGeneration>
      <Optimizations>
        <OptimizationLevel Value="0"/>
      </Optimizations>
    </CodeGeneration>
    <Linking>
      <Options>
        <ExecutableType Value="Library"/>
      </Options>
    </Linking>
    <Other>
      <ExecuteBefore>
        <Command Value="..\..\objs\Win32\release\ADT.exe ArrayTestPas.mk"/>
        <CompileReasons Run="False"/>
      </ExecuteBefore>
    </Other>
  </CompilerOptions>
  <Debugging>
    <BreakPoints Count="2">
      <Item1>
        <Kind Value="bpkSource"/>
        <WatchScope Value="wpsLocal"/>
        <WatchKind Value="wpkWrite"/>
        <Source Value="AT_impl_lib_interface_globals.pas"/>
        <Line Value="87"/>
      </Item1>
      <Item2>
        <Kind Value="bpkSource"/>
        <WatchScope Value="wpsLocal"/>
        <WatchKind Value="wpkWrite"/>
        <Source Value="AT_impl_lib_interface_globals.pas"/>
        <Line Value="23"/>
      </Item2>
    </BreakPoints>
    <Watches Count="1">
      <Item1>
        <Expression Value="A2_IA[__c1]"/>
      </Item1>
    </Watches>
  </Debugging>
</CONFIG>
